
Microsoft Visual Studio Solution File, Format Version 12.00
# Visual Studio Version 17
VisualStudioVersion = 17.0.32014.148
MinimumVisualStudioVersion = 10.0.40219.1
Project("{FAE04EC0-301F-11D3-BF4B-00C04F79EFBC}") = "WebApplication_FormLogin", "WebApplication_FormLogin\WebApplication_FormLogin.csproj", "{82DCBF29-77CD-4E67-ADF7-B13A6577F97D}"
EndProject
Global
	GlobalSection(SolutionConfigurationPlatforms) = preSolution
		Debug|Any CPU = Debug|Any CPU
		Release|Any CPU = Release|Any CPU
	EndGlobalSection
	GlobalSection(ProjectConfigurationPlatforms) = postSolution
		{82DCBF29-77CD-4E67-ADF7-B13A6577F97D}.Debug|Any CPU.ActiveCfg = Debug|Any CPU
		{82DCBF29-77CD-4E67-ADF7-B13A6577F97D}.Debug|Any CPU.Build.0 = Debug|Any CPU
		{82DCBF29-77CD-4E67-ADF7-B13A6577F97D}.Release|Any CPU.ActiveCfg = Release|Any CPU
		{82DCBF29-77CD-4E67-ADF7-B13A6577F97D}.Release|Any CPU.Build.0 = Release|Any CPU
	EndGlobalSection
	GlobalSection(SolutionProperties) = preSolution
		HideSolutionNode = FALSE
	EndGlobalSection
	GlobalSection(ExtensibilityGlobals) = postSolution
		SolutionGuid = {0DB5F7FC-58B0-4985-B6C1-32FF853FC541}
	EndGlobalSection
EndGlobal
